// !$*UTF8*$!
{
	archiveVersion = 1;
	classes = {
	};
	objectVersion = 70;
	objects = {

/* Begin PBXBuildFile section */
		5F03D5772D2B4D90005BF9ED /* LoggingSupport.h in Headers */ = {isa = PBXBuildFile; fileRef = 5F03D5762D2B4D90005BF9ED /* LoggingSupport.h */; };
		5F03D5A52D2B6607005BF9ED /* grouping.m in Sources */ = {isa = PBXBuildFile; fileRef = 5F03D5A42D2B6607005BF9ED /* grouping.m */; };
		5F03D5A62D2B6607005BF9ED /* grouping.h in Headers */ = {isa = PBXBuildFile; fileRef = 5F03D5A32D2B6607005BF9ED /* grouping.h */; };
		5F03D5A82D2B68D1005BF9ED /* output.m in Sources */ = {isa = PBXBuildFile; fileRef = 5F03D5A72D2B68D1005BF9ED /* output.m */; };
		5F03D5AA2D2B68ED005BF9ED /* output.h in Headers */ = {isa = PBXBuildFile; fileRef = 5F03D5A92D2B68ED005BF9ED /* output.h */; };
		5F3715F92D09AAED003DF348 /* main.m in Sources */ = {isa = PBXBuildFile; fileRef = 5F3715F82D09AAED003DF348 /* main.m */; };
		5F7788862D4335A200DC18F6 /* config.m in Sources */ = {isa = PBXBuildFile; fileRef = 5F7788852D4335A200DC18F6 /* config.m */; };
		5F7788882D4335A800DC18F6 /* config.h in Headers */ = {isa = PBXBuildFile; fileRef = 5F7788872D4335A600DC18F6 /* config.h */; };
		5F77888A2D43364300DC18F6 /* events.m in Sources */ = {isa = PBXBuildFile; fileRef = 5F7788892D43364300DC18F6 /* events.m */; };
		5F77888C2D43364800DC18F6 /* events.h in Headers */ = {isa = PBXBuildFile; fileRef = 5F77888B2D43364600DC18F6 /* events.h */; };
		5F77888E2D4336D400DC18F6 /* stream.m in Sources */ = {isa = PBXBuildFile; fileRef = 5F77888D2D4336D400DC18F6 /* stream.m */; };
		5F7788902D4336D800DC18F6 /* stream.h in Headers */ = {isa = PBXBuildFile; fileRef = 5F77888F2D4336D600DC18F6 /* stream.h */; };
		5FB17F6D2D4685E900247BEF /* events.h in Headers */ = {isa = PBXBuildFile; fileRef = 5F77888B2D43364600DC18F6 /* events.h */; };
		5FB17F6E2D4685E900247BEF /* output.h in Headers */ = {isa = PBXBuildFile; fileRef = 5F03D5A92D2B68ED005BF9ED /* output.h */; };
		5FB17F6F2D4685E900247BEF /* stream.h in Headers */ = {isa = PBXBuildFile; fileRef = 5F77888F2D4336D600DC18F6 /* stream.h */; };
		5FB17F702D4685E900247BEF /* LoggingSupport.h in Headers */ = {isa = PBXBuildFile; fileRef = 5F03D5762D2B4D90005BF9ED /* LoggingSupport.h */; };
		5FB17F712D4685E900247BEF /* config.h in Headers */ = {isa = PBXBuildFile; fileRef = 5F7788872D4335A600DC18F6 /* config.h */; };
		5FB17F722D4685E900247BEF /* grouping.h in Headers */ = {isa = PBXBuildFile; fileRef = 5F03D5A32D2B6607005BF9ED /* grouping.h */; };
		5FB17F742D4685E900247BEF /* output.m in Sources */ = {isa = PBXBuildFile; fileRef = 5F03D5A72D2B68D1005BF9ED /* output.m */; };
		5FB17F752D4685E900247BEF /* config.m in Sources */ = {isa = PBXBuildFile; fileRef = 5F7788852D4335A200DC18F6 /* config.m */; };
		5FB17F762D4685E900247BEF /* events.m in Sources */ = {isa = PBXBuildFile; fileRef = 5F7788892D43364300DC18F6 /* events.m */; };
		5FB17F772D4685E900247BEF /* main.m in Sources */ = {isa = PBXBuildFile; fileRef = 5F3715F82D09AAED003DF348 /* main.m */; };
		5FB17F782D4685E900247BEF /* grouping.m in Sources */ = {isa = PBXBuildFile; fileRef = 5F03D5A42D2B6607005BF9ED /* grouping.m */; };
		5FB17F792D4685E900247BEF /* stream.m in Sources */ = {isa = PBXBuildFile; fileRef = 5F77888D2D4336D400DC18F6 /* stream.m */; };
/* End PBXBuildFile section */

/* Begin PBXFileReference section */
		5F03D5762D2B4D90005BF9ED /* LoggingSupport.h */ = {isa = PBXFileReference; lastKnownFileType = sourcecode.c.h; path = LoggingSupport.h; sourceTree = "<group>"; };
		5F03D5A32D2B6607005BF9ED /* grouping.h */ = {isa = PBXFileReference; lastKnownFileType = sourcecode.c.h; path = grouping.h; sourceTree = "<group>"; };
		5F03D5A42D2B6607005BF9ED /* grouping.m */ = {isa = PBXFileReference; lastKnownFileType = sourcecode.c.objc; path = grouping.m; sourceTree = "<group>"; };
		5F03D5A72D2B68D1005BF9ED /* output.m */ = {isa = PBXFileReference; lastKnownFileType = sourcecode.c.objc; path = output.m; sourceTree = "<group>"; };
		5F03D5A92D2B68ED005BF9ED /* output.h */ = {isa = PBXFileReference; lastKnownFileType = sourcecode.c.h; path = output.h; sourceTree = "<group>"; };
		5F3715F82D09AAED003DF348 /* main.m */ = {isa = PBXFileReference; lastKnownFileType = sourcecode.c.objc; path = main.m; sourceTree = "<group>"; };
		5F644B6B2D51F2F500596EBD /* README.md */ = {isa = PBXFileReference; lastKnownFileType = net.daringfireball.markdown; path = README.md; sourceTree = SOURCE_ROOT; };
		5F7788852D4335A200DC18F6 /* config.m */ = {isa = PBXFileReference; lastKnownFileType = sourcecode.c.objc; path = config.m; sourceTree = "<group>"; };
		5F7788872D4335A600DC18F6 /* config.h */ = {isa = PBXFileReference; lastKnownFileType = sourcecode.c.h; path = config.h; sourceTree = "<group>"; };
		5F7788892D43364300DC18F6 /* events.m */ = {isa = PBXFileReference; lastKnownFileType = sourcecode.c.objc; path = events.m; sourceTree = "<group>"; };
		5F77888B2D43364600DC18F6 /* events.h */ = {isa = PBXFileReference; lastKnownFileType = sourcecode.c.h; path = events.h; sourceTree = "<group>"; };
		5F77888D2D4336D400DC18F6 /* stream.m */ = {isa = PBXFileReference; lastKnownFileType = sourcecode.c.objc; path = stream.m; sourceTree = "<group>"; };
		5F77888F2D4336D600DC18F6 /* stream.h */ = {isa = PBXFileReference; lastKnownFileType = sourcecode.c.h; path = stream.h; sourceTree = "<group>"; };
		5F92AB942D2F010400316521 /* deploy.py */ = {isa = PBXFileReference; lastKnownFileType = text.script.python; path = deploy.py; sourceTree = "<group>"; };
		5F92AB952D2F010400316521 /* entitlements.plist */ = {isa = PBXFileReference; lastKnownFileType = text.plist.xml; path = entitlements.plist; sourceTree = "<group>"; };
		5F92AB972D2F036D00316521 /* screenshot-allprocs-live.png */ = {isa = PBXFileReference; lastKnownFileType = image.png; path = "screenshot-allprocs-live.png"; sourceTree = "<group>"; };
		5F92AB982D2F03A200316521 /* screenshot-group-termination-logs-by-PID.png */ = {isa = PBXFileReference; lastKnownFileType = image.png; path = "screenshot-group-termination-logs-by-PID.png"; sourceTree = "<group>"; };
		5FB17F802D4685E900247BEF /* oslo-mac.framework */ = {isa = PBXFileReference; explicitFileType = wrapper.framework; includeInIndex = 0; path = "oslo-mac.framework"; sourceTree = BUILT_PRODUCTS_DIR; };
		5FE020822BFA86C400D131E0 /* oslo_ios.framework */ = {isa = PBXFileReference; explicitFileType = wrapper.framework; includeInIndex = 0; path = oslo_ios.framework; sourceTree = BUILT_PRODUCTS_DIR; };
/* End PBXFileReference section */

/* Begin PBXFileSystemSynchronizedBuildFileExceptionSet section */
		5FB17F812D4685E900247BEF /* PBXFileSystemSynchronizedBuildFileExceptionSet */ = {
			isa = PBXFileSystemSynchronizedBuildFileExceptionSet;
			membershipExceptions = (
				hashtable.h,
			);
			target = 5FB17F6B2D4685E900247BEF /* oslo-mac */;
		};
/* End PBXFileSystemSynchronizedBuildFileExceptionSet section */

/* Begin PBXFileSystemSynchronizedRootGroup section */
		5F03D56D2D2B1906005BF9ED /* kat */ = {isa = PBXFileSystemSynchronizedRootGroup; exceptions = (5FB17F812D4685E900247BEF /* PBXFileSystemSynchronizedBuildFileExceptionSet */, ); explicitFileTypes = {}; explicitFolders = (); path = kat; sourceTree = "<group>"; };
/* End PBXFileSystemSynchronizedRootGroup section */

/* Begin PBXFrameworksBuildPhase section */
		5FB17F7A2D4685E900247BEF /* Frameworks */ = {
			isa = PBXFrameworksBuildPhase;
			buildActionMask = 2147483647;
			files = (
			);
			runOnlyForDeploymentPostprocessing = 0;
		};
		5FE0207F2BFA86C400D131E0 /* Frameworks */ = {
			isa = PBXFrameworksBuildPhase;
			buildActionMask = 2147483647;
			files = (
			);
			runOnlyForDeploymentPostprocessing = 0;
		};
/* End PBXFrameworksBuildPhase section */

/* Begin PBXGroup section */
		5F85499F2AD9E03E006D8CCD = {
			isa = PBXGroup;
			children = (
				5F92AB962D2F010400316521 /* other */,
				5FE020832BFA86C400D131E0 /* src */,
				5F8549A92AD9E03E006D8CCD /* Products */,
			);
			sourceTree = "<group>";
		};
		5F8549A92AD9E03E006D8CCD /* Products */ = {
			isa = PBXGroup;
			children = (
				5FE020822BFA86C400D131E0 /* oslo_ios.framework */,
				5FB17F802D4685E900247BEF /* oslo-mac.framework */,
			);
			name = Products;
			sourceTree = "<group>";
		};
		5F92AB962D2F010400316521 /* other */ = {
			isa = PBXGroup;
			children = (
				5F644B6B2D51F2F500596EBD /* README.md */,
				5F92AB942D2F010400316521 /* deploy.py */,
				5F92AB952D2F010400316521 /* entitlements.plist */,
				5F92AB972D2F036D00316521 /* screenshot-allprocs-live.png */,
				5F92AB982D2F03A200316521 /* screenshot-group-termination-logs-by-PID.png */,
			);
			path = other;
			sourceTree = "<group>";
		};
		5FE020832BFA86C400D131E0 /* src */ = {
			isa = PBXGroup;
			children = (
				5F03D56D2D2B1906005BF9ED /* kat */,
				5F3715F82D09AAED003DF348 /* main.m */,
				5F03D5A32D2B6607005BF9ED /* grouping.h */,
				5F03D5A42D2B6607005BF9ED /* grouping.m */,
				5F03D5A92D2B68ED005BF9ED /* output.h */,
				5F03D5A72D2B68D1005BF9ED /* output.m */,
				5F03D5762D2B4D90005BF9ED /* LoggingSupport.h */,
				5F7788872D4335A600DC18F6 /* config.h */,
				5F7788852D4335A200DC18F6 /* config.m */,
				5F77888B2D43364600DC18F6 /* events.h */,
				5F7788892D43364300DC18F6 /* events.m */,
				5F77888F2D4336D600DC18F6 /* stream.h */,
				5F77888D2D4336D400DC18F6 /* stream.m */,
			);
			path = src;
			sourceTree = "<group>";
		};
/* End PBXGroup section */

/* Begin PBXHeadersBuildPhase section */
		5FB17F6C2D4685E900247BEF /* Headers */ = {
			isa = PBXHeadersBuildPhase;
			buildActionMask = 2147483647;
			files = (
				5FB17F6D2D4685E900247BEF /* events.h in Headers */,
				5FB17F6E2D4685E900247BEF /* output.h in Headers */,
				5FB17F6F2D4685E900247BEF /* stream.h in Headers */,
				5FB17F702D4685E900247BEF /* LoggingSupport.h in Headers */,
				5FB17F712D4685E900247BEF /* config.h in Headers */,
				5FB17F722D4685E900247BEF /* grouping.h in Headers */,
			);
			runOnlyForDeploymentPostprocessing = 0;
		};
		5FE0207D2BFA86C400D131E0 /* Headers */ = {
			isa = PBXHeadersBuildPhase;
			buildActionMask = 2147483647;
			files = (
				5F77888C2D43364800DC18F6 /* events.h in Headers */,
				5F03D5AA2D2B68ED005BF9ED /* output.h in Headers */,
				5F7788902D4336D800DC18F6 /* stream.h in Headers */,
				5F03D5772D2B4D90005BF9ED /* LoggingSupport.h in Headers */,
				5F7788882D4335A800DC18F6 /* config.h in Headers */,
				5F03D5A62D2B6607005BF9ED /* grouping.h in Headers */,
			);
			runOnlyForDeploymentPostprocessing = 0;
		};
/* End PBXHeadersBuildPhase section */

/* Begin PBXNativeTarget section */
		5FB17F6B2D4685E900247BEF /* oslo-mac */ = {
			isa = PBXNativeTarget;
			buildConfigurationList = 5FB17F7D2D4685E900247BEF /* Build configuration list for PBXNativeTarget "oslo-mac" */;
			buildPhases = (
				5FB17F6C2D4685E900247BEF /* Headers */,
				5FB17F732D4685E900247BEF /* Sources */,
				5FB17F7A2D4685E900247BEF /* Frameworks */,
				5FB17F7B2D4685E900247BEF /* Resources */,
			);
			buildRules = (
			);
			dependencies = (
			);
			fileSystemSynchronizedGroups = (
				5F03D56D2D2B1906005BF9ED /* kat */,
			);
			name = "oslo-mac";
			productName = authtool;
			productReference = 5FB17F802D4685E900247BEF /* oslo-mac.framework */;
			productType = "com.apple.product-type.framework";
		};
		5FE020812BFA86C400D131E0 /* oslo-ios */ = {
			isa = PBXNativeTarget;
			buildConfigurationList = 5FE020862BFA86C400D131E0 /* Build configuration list for PBXNativeTarget "oslo-ios" */;
			buildPhases = (
				5FE0207D2BFA86C400D131E0 /* Headers */,
				5FE0207E2BFA86C400D131E0 /* Sources */,
				5FE0207F2BFA86C400D131E0 /* Frameworks */,
				5FE020802BFA86C400D131E0 /* Resources */,
				5FE0208B2BFA88A100D131E0 /* ShellScript */,
			);
			buildRules = (
			);
			dependencies = (
			);
			fileSystemSynchronizedGroups = (
				5F03D56D2D2B1906005BF9ED /* kat */,
			);
			name = "oslo-ios";
			productName = authtool;
			productReference = 5FE020822BFA86C400D131E0 /* oslo_ios.framework */;
			productType = "com.apple.product-type.framework";
		};
/* End PBXNativeTarget section */

/* Begin PBXProject section */
		5F8549A02AD9E03E006D8CCD /* Project object */ = {
			isa = PBXProject;
			attributes = {
				BuildIndependentTargetsInParallel = 1;
				LastUpgradeCheck = 1610;
				TargetAttributes = {
					5FE020812BFA86C400D131E0 = {
						CreatedOnToolsVersion = 15.0.1;
					};
				};
			};
			buildConfigurationList = 5F8549A32AD9E03E006D8CCD /* Build configuration list for PBXProject "oslo" */;
			compatibilityVersion = "Xcode 14.0";
			developmentRegion = en;
			hasScannedForEncodings = 0;
			knownRegions = (
				en,
				Base,
			);
			mainGroup = 5F85499F2AD9E03E006D8CCD;
			productRefGroup = 5F8549A92AD9E03E006D8CCD /* Products */;
			projectDirPath = "";
			projectRoot = "";
			targets = (
				5FE020812BFA86C400D131E0 /* oslo-ios */,
				5FB17F6B2D4685E900247BEF /* oslo-mac */,
			);
		};
/* End PBXProject section */

/* Begin PBXResourcesBuildPhase section */
		5FB17F7B2D4685E900247BEF /* Resources */ = {
			isa = PBXResourcesBuildPhase;
			buildActionMask = 2147483647;
			files = (
			);
			runOnlyForDeploymentPostprocessing = 0;
		};
		5FE020802BFA86C400D131E0 /* Resources */ = {
			isa = PBXResourcesBuildPhase;
			buildActionMask = 2147483647;
			files = (
			);
			runOnlyForDeploymentPostprocessing = 0;
		};
/* End PBXResourcesBuildPhase section */

/* Begin PBXShellScriptBuildPhase section */
		5FE0208B2BFA88A100D131E0 /* ShellScript */ = {
			isa = PBXShellScriptBuildPhase;
			buildActionMask = 2147483647;
			files = (
			);
			inputFileListPaths = (
			);
			inputPaths = (
			);
			outputFileListPaths = (
			);
			outputPaths = (
			);
			runOnlyForDeploymentPostprocessing = 0;
			shellPath = /bin/sh;
			shellScript = "# Type a script or drag a script file from your workspace to insert its path.\npython3 other/deploy.py\n";
		};
/* End PBXShellScriptBuildPhase section */

/* Begin PBXSourcesBuildPhase section */
		5FB17F732D4685E900247BEF /* Sources */ = {
			isa = PBXSourcesBuildPhase;
			buildActionMask = 2147483647;
			files = (
				5FB17F742D4685E900247BEF /* output.m in Sources */,
				5FB17F752D4685E900247BEF /* config.m in Sources */,
				5FB17F762D4685E900247BEF /* events.m in Sources */,
				5FB17F772D4685E900247BEF /* main.m in Sources */,
				5FB17F782D4685E900247BEF /* grouping.m in Sources */,
				5FB17F792D4685E900247BEF /* stream.m in Sources */,
			);
			runOnlyForDeploymentPostprocessing = 0;
		};
		5FE0207E2BFA86C400D131E0 /* Sources */ = {
			isa = PBXSourcesBuildPhase;
			buildActionMask = 2147483647;
			files = (
				5F03D5A82D2B68D1005BF9ED /* output.m in Sources */,
				5F7788862D4335A200DC18F6 /* config.m in Sources */,
				5F77888A2D43364300DC18F6 /* events.m in Sources */,
				5F3715F92D09AAED003DF348 /* main.m in Sources */,
				5F03D5A52D2B6607005BF9ED /* grouping.m in Sources */,
				5F77888E2D4336D400DC18F6 /* stream.m in Sources */,
			);
			runOnlyForDeploymentPostprocessing = 0;
		};
/* End PBXSourcesBuildPhase section */

/* Begin XCBuildConfiguration section */
		5F8549BF2AD9E040006D8CCD /* Debug */ = {
			isa = XCBuildConfiguration;
			buildSettings = {
				ALWAYS_SEARCH_USER_PATHS = NO;
				ASSETCATALOG_COMPILER_GENERATE_SWIFT_ASSET_SYMBOL_EXTENSIONS = YES;
				CLANG_ANALYZER_NONNULL = YES;
				CLANG_ANALYZER_NUMBER_OBJECT_CONVERSION = YES_AGGRESSIVE;
				CLANG_CXX_LANGUAGE_STANDARD = "gnu++20";
				CLANG_ENABLE_MODULES = YES;
				CLANG_ENABLE_OBJC_ARC = YES;
				CLANG_ENABLE_OBJC_WEAK = YES;
				CLANG_WARN_BLOCK_CAPTURE_AUTORELEASING = YES;
				CLANG_WARN_BOOL_CONVERSION = YES;
				CLANG_WARN_COMMA = YES;
				CLANG_WARN_CONSTANT_CONVERSION = YES;
				CLANG_WARN_DEPRECATED_OBJC_IMPLEMENTATIONS = YES;
				CLANG_WARN_DIRECT_OBJC_ISA_USAGE = YES_ERROR;
				CLANG_WARN_DOCUMENTATION_COMMENTS = YES;
				CLANG_WARN_EMPTY_BODY = YES;
				CLANG_WARN_ENUM_CONVERSION = YES;
				CLANG_WARN_INFINITE_RECURSION = YES;
				CLANG_WARN_INT_CONVERSION = YES;
				CLANG_WARN_NON_LITERAL_NULL_CONVERSION = YES;
				CLANG_WARN_OBJC_IMPLICIT_RETAIN_SELF = YES;
				CLANG_WARN_OBJC_LITERAL_CONVERSION = YES;
				CLANG_WARN_OBJC_ROOT_CLASS = YES_ERROR;
				CLANG_WARN_QUOTED_INCLUDE_IN_FRAMEWORK_HEADER = YES;
				CLANG_WARN_RANGE_LOOP_ANALYSIS = YES;
				CLANG_WARN_STRICT_PROTOTYPES = YES;
				CLANG_WARN_SUSPICIOUS_MOVE = YES;
				CLANG_WARN_UNGUARDED_AVAILABILITY = YES_AGGRESSIVE;
				CLANG_WARN_UNREACHABLE_CODE = YES;
				CLANG_WARN__DUPLICATE_METHOD_MATCH = YES;
				COPY_PHASE_STRIP = NO;
				DEBUG_INFORMATION_FORMAT = dwarf;
				ENABLE_STRICT_OBJC_MSGSEND = YES;
				ENABLE_TESTABILITY = YES;
				GCC_C_LANGUAGE_STANDARD = gnu11;
				GCC_DYNAMIC_NO_PIC = NO;
				GCC_NO_COMMON_BLOCKS = YES;
				GCC_OPTIMIZATION_LEVEL = 0;
				GCC_PREPROCESSOR_DEFINITIONS = (
					"DEBUG=1",
					"$(inherited)",
				);
				GCC_WARN_64_TO_32_BIT_CONVERSION = YES;
				GCC_WARN_ABOUT_RETURN_TYPE = YES_ERROR;
				GCC_WARN_UNDECLARED_SELECTOR = YES;
				GCC_WARN_UNINITIALIZED_AUTOS = YES_AGGRESSIVE;
				GCC_WARN_UNUSED_FUNCTION = YES;
				GCC_WARN_UNUSED_VARIABLE = YES;
				IPHONEOS_DEPLOYMENT_TARGET = 16.2;
				MTL_ENABLE_DEBUG_INFO = INCLUDE_SOURCE;
				MTL_FAST_MATH = YES;
				ONLY_ACTIVE_ARCH = YES;
				SDKROOT = macosx;
			};
			name = Debug;
		};
		5F8549C02AD9E040006D8CCD /* Release */ = {
			isa = XCBuildConfiguration;
			buildSettings = {
				ALWAYS_SEARCH_USER_PATHS = NO;
				ASSETCATALOG_COMPILER_GENERATE_SWIFT_ASSET_SYMBOL_EXTENSIONS = YES;
				CLANG_ANALYZER_NONNULL = YES;
				CLANG_ANALYZER_NUMBER_OBJECT_CONVERSION = YES_AGGRESSIVE;
				CLANG_CXX_LANGUAGE_STANDARD = "gnu++20";
				CLANG_ENABLE_MODULES = YES;
				CLANG_ENABLE_OBJC_ARC = YES;
				CLANG_ENABLE_OBJC_WEAK = YES;
				CLANG_WARN_BLOCK_CAPTURE_AUTORELEASING = YES;
				CLANG_WARN_BOOL_CONVERSION = YES;
				CLANG_WARN_COMMA = YES;
				CLANG_WARN_CONSTANT_CONVERSION = YES;
				CLANG_WARN_DEPRECATED_OBJC_IMPLEMENTATIONS = YES;
				CLANG_WARN_DIRECT_OBJC_ISA_USAGE = YES_ERROR;
				CLANG_WARN_DOCUMENTATION_COMMENTS = YES;
				CLANG_WARN_EMPTY_BODY = YES;
				CLANG_WARN_ENUM_CONVERSION = YES;
				CLANG_WARN_INFINITE_RECURSION = YES;
				CLANG_WARN_INT_CONVERSION = YES;
				CLANG_WARN_NON_LITERAL_NULL_CONVERSION = YES;
				CLANG_WARN_OBJC_IMPLICIT_RETAIN_SELF = YES;
				CLANG_WARN_OBJC_LITERAL_CONVERSION = YES;
				CLANG_WARN_OBJC_ROOT_CLASS = YES_ERROR;
				CLANG_WARN_QUOTED_INCLUDE_IN_FRAMEWORK_HEADER = YES;
				CLANG_WARN_RANGE_LOOP_ANALYSIS = YES;
				CLANG_WARN_STRICT_PROTOTYPES = YES;
				CLANG_WARN_SUSPICIOUS_MOVE = YES;
				CLANG_WARN_UNGUARDED_AVAILABILITY = YES_AGGRESSIVE;
				CLANG_WARN_UNREACHABLE_CODE = YES;
				CLANG_WARN__DUPLICATE_METHOD_MATCH = YES;
				COPY_PHASE_STRIP = NO;
				DEBUG_INFORMATION_FORMAT = "dwarf-with-dsym";
				ENABLE_NS_ASSERTIONS = NO;
				ENABLE_STRICT_OBJC_MSGSEND = YES;
				GCC_C_LANGUAGE_STANDARD = gnu11;
				GCC_NO_COMMON_BLOCKS = YES;
				GCC_WARN_64_TO_32_BIT_CONVERSION = YES;
				GCC_WARN_ABOUT_RETURN_TYPE = YES_ERROR;
				GCC_WARN_UNDECLARED_SELECTOR = YES;
				GCC_WARN_UNINITIALIZED_AUTOS = YES_AGGRESSIVE;
				GCC_WARN_UNUSED_FUNCTION = YES;
				GCC_WARN_UNUSED_VARIABLE = YES;
				IPHONEOS_DEPLOYMENT_TARGET = 16.2;
				MTL_ENABLE_DEBUG_INFO = NO;
				MTL_FAST_MATH = YES;
				SDKROOT = macosx;
				VALIDATE_PRODUCT = YES;
			};
			name = Release;
		};
		5FB17F7E2D4685E900247BEF /* Debug */ = {
			isa = XCBuildConfiguration;
			buildSettings = {
				ASSETCATALOG_COMPILER_GENERATE_SWIFT_ASSET_SYMBOL_EXTENSIONS = YES;
				CODE_SIGN_IDENTITY = "";
				CODE_SIGN_STYLE = Automatic;
				DEFINES_MODULE = NO;
				DEVELOPMENT_TEAM = J478CS4UY8;
				DYLIB_INSTALL_NAME_BASE = "@rpath";
				ENABLE_MODULE_VERIFIER = YES;
				ENABLE_STRICT_OBJC_MSGSEND = NO;
				ENABLE_USER_SCRIPT_SANDBOXING = NO;
				GCC_C_LANGUAGE_STANDARD = gnu17;
				GENERATE_INFOPLIST_FILE = YES;
				INFOPLIST_KEY_NSHumanReadableCopyright = "";
				INSTALL_PATH = "$(LOCAL_LIBRARY_DIR)/Frameworks";
				IPHONEOS_DEPLOYMENT_TARGET = 15.6;
				LD_RUNPATH_SEARCH_PATHS = (
					"$(inherited)",
					"@executable_path/Frameworks",
					"@loader_path/Frameworks",
				);
				LOCALIZATION_PREFERS_STRING_CATALOGS = YES;
				MACH_O_TYPE = mh_execute;
				MACOSX_DEPLOYMENT_TARGET = 11.5;
				MARKETING_VERSION = 1.0;
				MODULE_VERIFIER_SUPPORTED_LANGUAGES = "objective-c objective-c++";
				MODULE_VERIFIER_SUPPORTED_LANGUAGE_STANDARDS = "gnu17 gnu++20";
				PRODUCT_BUNDLE_IDENTIFIER = com.ethanarbuckle.authtool;
				PRODUCT_NAME = "$(TARGET_NAME)";
				REGISTER_APP_GROUPS = NO;
				SKIP_INSTALL = YES;
				SUPPORTED_PLATFORMS = macosx;
				SUPPORTS_MACCATALYST = NO;
				SWIFT_EMIT_LOC_STRINGS = YES;
				TARGETED_DEVICE_FAMILY = "1,2";
				VERSIONING_SYSTEM = "apple-generic";
				VERSION_INFO_PREFIX = "";
			};
			name = Debug;
		};
		5FB17F7F2D4685E900247BEF /* Release */ = {
			isa = XCBuildConfiguration;
			buildSettings = {
				ASSETCATALOG_COMPILER_GENERATE_SWIFT_ASSET_SYMBOL_EXTENSIONS = YES;
				CODE_SIGN_IDENTITY = "";
				CODE_SIGN_STYLE = Automatic;
				DEFINES_MODULE = NO;
				DEVELOPMENT_TEAM = J478CS4UY8;
				DYLIB_INSTALL_NAME_BASE = "@rpath";
				ENABLE_MODULE_VERIFIER = YES;
				ENABLE_STRICT_OBJC_MSGSEND = NO;
				ENABLE_USER_SCRIPT_SANDBOXING = NO;
				GCC_C_LANGUAGE_STANDARD = gnu17;
				GENERATE_INFOPLIST_FILE = YES;
				INFOPLIST_KEY_NSHumanReadableCopyright = "";
				INSTALL_PATH = "$(LOCAL_LIBRARY_DIR)/Frameworks";
				IPHONEOS_DEPLOYMENT_TARGET = 15.6;
				LD_RUNPATH_SEARCH_PATHS = (
					"$(inherited)",
					"@executable_path/Frameworks",
					"@loader_path/Frameworks",
				);
				LOCALIZATION_PREFERS_STRING_CATALOGS = YES;
				MACH_O_TYPE = mh_execute;
				MACOSX_DEPLOYMENT_TARGET = 11.5;
				MARKETING_VERSION = 1.0;
				MODULE_VERIFIER_SUPPORTED_LANGUAGES = "objective-c objective-c++";
				MODULE_VERIFIER_SUPPORTED_LANGUAGE_STANDARDS = "gnu17 gnu++20";
				PRODUCT_BUNDLE_IDENTIFIER = com.ethanarbuckle.authtool;
				PRODUCT_NAME = "$(TARGET_NAME)";
				REGISTER_APP_GROUPS = NO;
				SKIP_INSTALL = YES;
				SUPPORTED_PLATFORMS = macosx;
				SUPPORTS_MACCATALYST = NO;
				SWIFT_EMIT_LOC_STRINGS = YES;
				TARGETED_DEVICE_FAMILY = "1,2";
				VERSIONING_SYSTEM = "apple-generic";
				VERSION_INFO_PREFIX = "";
			};
			name = Release;
		};
		5FE020872BFA86C400D131E0 /* Debug */ = {
			isa = XCBuildConfiguration;
			buildSettings = {
				ASSETCATALOG_COMPILER_GENERATE_SWIFT_ASSET_SYMBOL_EXTENSIONS = YES;
				CODE_SIGN_IDENTITY = "";
				CODE_SIGN_STYLE = Automatic;
				DEFINES_MODULE = NO;
				DEVELOPMENT_TEAM = J478CS4UY8;
				DYLIB_INSTALL_NAME_BASE = "@rpath";
				ENABLE_MODULE_VERIFIER = YES;
				ENABLE_STRICT_OBJC_MSGSEND = NO;
				ENABLE_USER_SCRIPT_SANDBOXING = NO;
				GCC_C_LANGUAGE_STANDARD = gnu17;
				GENERATE_INFOPLIST_FILE = YES;
				INFOPLIST_KEY_NSHumanReadableCopyright = "";
				INSTALL_PATH = "$(LOCAL_LIBRARY_DIR)/Frameworks";
				IPHONEOS_DEPLOYMENT_TARGET = 15.6;
				LD_RUNPATH_SEARCH_PATHS = (
					"$(inherited)",
					"@executable_path/Frameworks",
					"@loader_path/Frameworks",
				);
				LOCALIZATION_PREFERS_STRING_CATALOGS = YES;
				MACH_O_TYPE = mh_execute;
				MACOSX_DEPLOYMENT_TARGET = 11.5;
				MARKETING_VERSION = 1.0;
				MODULE_VERIFIER_SUPPORTED_LANGUAGES = "objective-c objective-c++";
				MODULE_VERIFIER_SUPPORTED_LANGUAGE_STANDARDS = "gnu17 gnu++20";
				PRODUCT_BUNDLE_IDENTIFIER = com.ethanarbuckle.authtool;
				PRODUCT_NAME = "$(TARGET_NAME:c99extidentifier)";
				REGISTER_APP_GROUPS = NO;
				SDKROOT = iphoneos;
				SKIP_INSTALL = YES;
				SUPPORTED_PLATFORMS = "iphonesimulator iphoneos";
				SUPPORTS_MACCATALYST = NO;
				SWIFT_EMIT_LOC_STRINGS = YES;
				TARGETED_DEVICE_FAMILY = "1,2";
				VERSIONING_SYSTEM = "apple-generic";
				VERSION_INFO_PREFIX = "";
			};
			name = Debug;
		};
		5FE020882BFA86C400D131E0 /* Release */ = {
			isa = XCBuildConfiguration;
			buildSettings = {
				ASSETCATALOG_COMPILER_GENERATE_SWIFT_ASSET_SYMBOL_EXTENSIONS = YES;
				CODE_SIGN_IDENTITY = "";
				CODE_SIGN_STYLE = Automatic;
				DEFINES_MODULE = NO;
				DEVELOPMENT_TEAM = J478CS4UY8;
				DYLIB_INSTALL_NAME_BASE = "@rpath";
				ENABLE_MODULE_VERIFIER = YES;
				ENABLE_STRICT_OBJC_MSGSEND = NO;
				ENABLE_USER_SCRIPT_SANDBOXING = NO;
				GCC_C_LANGUAGE_STANDARD = gnu17;
				GENERATE_INFOPLIST_FILE = YES;
				INFOPLIST_KEY_NSHumanReadableCopyright = "";
				INSTALL_PATH = "$(LOCAL_LIBRARY_DIR)/Frameworks";
				IPHONEOS_DEPLOYMENT_TARGET = 15.6;
				LD_RUNPATH_SEARCH_PATHS = (
					"$(inherited)",
					"@executable_path/Frameworks",
					"@loader_path/Frameworks",
				);
				LOCALIZATION_PREFERS_STRING_CATALOGS = YES;
				MACH_O_TYPE = mh_execute;
				MACOSX_DEPLOYMENT_TARGET = 11.5;
				MARKETING_VERSION = 1.0;
				MODULE_VERIFIER_SUPPORTED_LANGUAGES = "objective-c objective-c++";
				MODULE_VERIFIER_SUPPORTED_LANGUAGE_STANDARDS = "gnu17 gnu++20";
				PRODUCT_BUNDLE_IDENTIFIER = com.ethanarbuckle.authtool;
				PRODUCT_NAME = "$(TARGET_NAME:c99extidentifier)";
				REGISTER_APP_GROUPS = NO;
				SDKROOT = iphoneos;
				SKIP_INSTALL = YES;
				SUPPORTED_PLATFORMS = "iphonesimulator iphoneos";
				SUPPORTS_MACCATALYST = NO;
				SWIFT_EMIT_LOC_STRINGS = YES;
				TARGETED_DEVICE_FAMILY = "1,2";
				VERSIONING_SYSTEM = "apple-generic";
				VERSION_INFO_PREFIX = "";
			};
			name = Release;
		};
/* End XCBuildConfiguration section */

/* Begin XCConfigurationList section */
		5F8549A32AD9E03E006D8CCD /* Build configuration list for PBXProject "oslo" */ = {
			isa = XCConfigurationList;
			buildConfigurations = (
				5F8549BF2AD9E040006D8CCD /* Debug */,
				5F8549C02AD9E040006D8CCD /* Release */,
			);
			defaultConfigurationIsVisible = 0;
			defaultConfigurationName = Release;
		};
		5FB17F7D2D4685E900247BEF /* Build configuration list for PBXNativeTarget "oslo-mac" */ = {
			isa = XCConfigurationList;
			buildConfigurations = (
				5FB17F7E2D4685E900247BEF /* Debug */,
				5FB17F7F2D4685E900247BEF /* Release */,
			);
			defaultConfigurationIsVisible = 0;
			defaultConfigurationName = Release;
		};
		5FE020862BFA86C400D131E0 /* Build configuration list for PBXNativeTarget "oslo-ios" */ = {
			isa = XCConfigurationList;
			buildConfigurations = (
				5FE020872BFA86C400D131E0 /* Debug */,
				5FE020882BFA86C400D131E0 /* Release */,
			);
			defaultConfigurationIsVisible = 0;
			defaultConfigurationName = Release;
		};
/* End XCConfigurationList section */
	};
	rootObject = 5F8549A02AD9E03E006D8CCD /* Project object */;
}
